// !$*UTF8*$!
{
	archiveVersion = 1;
	classes = {
	};
	objectVersion = 77;
	objects = {

/* Begin PBXBuildFile section */
		DC7CD0952DCCCEAF0096D19B /* SnapKit in Frameworks */ = {isa = PBXBuildFile; productRef = DC7CD0942DCCCEAF0096D19B /* SnapKit */; };
		DC7CD0982DCCCEC30096D19B /* CombineCocoa in Frameworks */ = {isa = PBXBuildFile; productRef = DC7CD0972DCCCEC30096D19B /* CombineCocoa */; };
		DC7CD09B2DCCD4BD0096D19B /* CombineCocoa in Frameworks */ = {isa = PBXBuildFile; productRef = DC7CD09A2DCCD4BD0096D19B /* CombineCocoa */; };
		DC7CD09E2DCCD6E90096D19B /* SnapshotTesting in Frameworks */ = {isa = PBXBuildFile; productRef = DC7CD09D2DCCD6E90096D19B /* SnapshotTesting */; };
		DC7CD0A02DCCD7230096D19B /* CombineCocoa in Frameworks */ = {isa = PBXBuildFile; productRef = DC7CD09F2DCCD7230096D19B /* CombineCocoa */; };
/* End PBXBuildFile section */

/* Begin PBXContainerItemProxy section */
		DC7CD0762DCCCE9B0096D19B /* PBXContainerItemProxy */ = {
			isa = PBXContainerItemProxy;
			containerPortal = DC7CD0572DCCCE980096D19B /* Project object */;
			proxyType = 1;
			remoteGlobalIDString = DC7CD05E2DCCCE980096D19B;
			remoteInfo = "tip-calculator";
		};
		DC7CD0802DCCCE9B0096D19B /* PBXContainerItemProxy */ = {
			isa = PBXContainerItemProxy;
			containerPortal = DC7CD0572DCCCE980096D19B /* Project object */;
			proxyType = 1;
			remoteGlobalIDString = DC7CD05E2DCCCE980096D19B;
			remoteInfo = "tip-calculator";
		};
/* End PBXContainerItemProxy section */

/* Begin PBXFileReference section */
		DC7CD05F2DCCCE990096D19B /* tip-calculator.app */ = {isa = PBXFileReference; explicitFileType = wrapper.application; includeInIndex = 0; path = "tip-calculator.app"; sourceTree = BUILT_PRODUCTS_DIR; };
		DC7CD0752DCCCE9B0096D19B /* tip-calculatorTests.xctest */ = {isa = PBXFileReference; explicitFileType = wrapper.cfbundle; includeInIndex = 0; path = "tip-calculatorTests.xctest"; sourceTree = BUILT_PRODUCTS_DIR; };
		DC7CD07F2DCCCE9B0096D19B /* tip-calculatorUITests.xctest */ = {isa = PBXFileReference; explicitFileType = wrapper.cfbundle; includeInIndex = 0; path = "tip-calculatorUITests.xctest"; sourceTree = BUILT_PRODUCTS_DIR; };
/* End PBXFileReference section */

/* Begin PBXFileSystemSynchronizedBuildFileExceptionSet section */
		DC7CD0872DCCCE9B0096D19B /* Exceptions for "tip-calculator" folder in "tip-calculator" target */ = {
			isa = PBXFileSystemSynchronizedBuildFileExceptionSet;
			membershipExceptions = (
				Info.plist,
			);
			target = DC7CD05E2DCCCE980096D19B /* tip-calculator */;
		};
		DCC765B92DE0A30300C8BBE6 /* Exceptions for "tip-calculator" folder in "tip-calculatorUITests" target */ = {
			isa = PBXFileSystemSynchronizedBuildFileExceptionSet;
			membershipExceptions = (
				Models/ScreenIdentifier.swift,
			);
			target = DC7CD07E2DCCCE9B0096D19B /* tip-calculatorUITests */;
		};
/* End PBXFileSystemSynchronizedBuildFileExceptionSet section */

/* Begin PBXFileSystemSynchronizedRootGroup section */
		DC7CD0612DCCCE990096D19B /* tip-calculator */ = {
			isa = PBXFileSystemSynchronizedRootGroup;
			exceptions = (
				DC7CD0872DCCCE9B0096D19B /* Exceptions for "tip-calculator" folder in "tip-calculator" target */,
				DCC765B92DE0A30300C8BBE6 /* Exceptions for "tip-calculator" folder in "tip-calculatorUITests" target */,
			);
			path = "tip-calculator";
			sourceTree = "<group>";
		};
		DC7CD0782DCCCE9B0096D19B /* tip-calculatorTests */ = {
			isa = PBXFileSystemSynchronizedRootGroup;
			path = "tip-calculatorTests";
			sourceTree = "<group>";
		};
		DC7CD0822DCCCE9B0096D19B /* tip-calculatorUITests */ = {
			isa = PBXFileSystemSynchronizedRootGroup;
			path = "tip-calculatorUITests";
			sourceTree = "<group>";
		};
/* End PBXFileSystemSynchronizedRootGroup section */

/* Begin PBXFrameworksBuildPhase section */
		DC7CD05C2DCCCE980096D19B /* Frameworks */ = {
			isa = PBXFrameworksBuildPhase;
			buildActionMask = 2147483647;
			files = (
				DC7CD0982DCCCEC30096D19B /* CombineCocoa in Frameworks */,
				DC7CD0952DCCCEAF0096D19B /* SnapKit in Frameworks */,
			);
			runOnlyForDeploymentPostprocessing = 0;
		};
		DC7CD0722DCCCE9B0096D19B /* Frameworks */ = {
			isa = PBXFrameworksBuildPhase;
			buildActionMask = 2147483647;
			files = (
				DC7CD09B2DCCD4BD0096D19B /* CombineCocoa in Frameworks */,
				DC7CD09E2DCCD6E90096D19B /* SnapshotTesting in Frameworks */,
			);
			runOnlyForDeploymentPostprocessing = 0;
		};
		DC7CD07C2DCCCE9B0096D19B /* Frameworks */ = {
			isa = PBXFrameworksBuildPhase;
			buildActionMask = 2147483647;
			files = (
				DC7CD0A02DCCD7230096D19B /* CombineCocoa in Frameworks */,
			);
			runOnlyForDeploymentPostprocessing = 0;
		};
/* End PBXFrameworksBuildPhase section */

/* Begin PBXGroup section */
		DC7CD0562DCCCE980096D19B = {
			isa = PBXGroup;
			children = (
				DC7CD0612DCCCE990096D19B /* tip-calculator */,
				DC7CD0782DCCCE9B0096D19B /* tip-calculatorTests */,
				DC7CD0822DCCCE9B0096D19B /* tip-calculatorUITests */,
				DC7CD0992DCCD4BD0096D19B /* Frameworks */,
				DC7CD0602DCCCE990096D19B /* Products */,
			);
			sourceTree = "<group>";
		};
		DC7CD0602DCCCE990096D19B /* Products */ = {
			isa = PBXGroup;
			children = (
				DC7CD05F2DCCCE990096D19B /* tip-calculator.app */,
				DC7CD0752DCCCE9B0096D19B /* tip-calculatorTests.xctest */,
				DC7CD07F2DCCCE9B0096D19B /* tip-calculatorUITests.xctest */,
			);
			name = Products;
			sourceTree = "<group>";
		};
		DC7CD0992DCCD4BD0096D19B /* Frameworks */ = {
			isa = PBXGroup;
			children = (
			);
			name = Frameworks;
			sourceTree = "<group>";
		};
/* End PBXGroup section */

/* Begin PBXNativeTarget section */
		DC7CD05E2DCCCE980096D19B /* tip-calculator */ = {
			isa = PBXNativeTarget;
			buildConfigurationList = DC7CD0882DCCCE9B0096D19B /* Build configuration list for PBXNativeTarget "tip-calculator" */;
			buildPhases = (
				DC7CD05B2DCCCE980096D19B /* Sources */,
				DC7CD05C2DCCCE980096D19B /* Frameworks */,
				DC7CD05D2DCCCE980096D19B /* Resources */,
			);
			buildRules = (
			);
			dependencies = (
			);
			fileSystemSynchronizedGroups = (
				DC7CD0612DCCCE990096D19B /* tip-calculator */,
			);
			name = "tip-calculator";
			packageProductDependencies = (
				DC7CD0942DCCCEAF0096D19B /* SnapKit */,
				DC7CD0972DCCCEC30096D19B /* CombineCocoa */,
			);
			productName = "tip-calculator";
			productReference = DC7CD05F2DCCCE990096D19B /* tip-calculator.app */;
			productType = "com.apple.product-type.application";
		};
		DC7CD0742DCCCE9B0096D19B /* tip-calculatorTests */ = {
			isa = PBXNativeTarget;
			buildConfigurationList = DC7CD08D2DCCCE9B0096D19B /* Build configuration list for PBXNativeTarget "tip-calculatorTests" */;
			buildPhases = (
				DC7CD0712DCCCE9B0096D19B /* Sources */,
				DC7CD0722DCCCE9B0096D19B /* Frameworks */,
				DC7CD0732DCCCE9B0096D19B /* Resources */,
			);
			buildRules = (
			);
			dependencies = (
				DC7CD0772DCCCE9B0096D19B /* PBXTargetDependency */,
			);
			fileSystemSynchronizedGroups = (
				DC7CD0782DCCCE9B0096D19B /* tip-calculatorTests */,
			);
			name = "tip-calculatorTests";
			packageProductDependencies = (
				DC7CD09A2DCCD4BD0096D19B /* CombineCocoa */,
				DC7CD09D2DCCD6E90096D19B /* SnapshotTesting */,
			);
			productName = "tip-calculatorTests";
			productReference = DC7CD0752DCCCE9B0096D19B /* tip-calculatorTests.xctest */;
			productType = "com.apple.product-type.bundle.unit-test";
		};
		DC7CD07E2DCCCE9B0096D19B /* tip-calculatorUITests */ = {
			isa = PBXNativeTarget;
			buildConfigurationList = DC7CD0902DCCCE9B0096D19B /* Build configuration list for PBXNativeTarget "tip-calculatorUITests" */;
			buildPhases = (
				DC7CD07B2DCCCE9B0096D19B /* Sources */,
				DC7CD07C2DCCCE9B0096D19B /* Frameworks */,
				DC7CD07D2DCCCE9B0096D19B /* Resources */,
			);
			buildRules = (
			);
			dependencies = (
				DC7CD0812DCCCE9B0096D19B /* PBXTargetDependency */,
			);
			fileSystemSynchronizedGroups = (
				DC7CD0822DCCCE9B0096D19B /* tip-calculatorUITests */,
			);
			name = "tip-calculatorUITests";
			packageProductDependencies = (
				DC7CD09F2DCCD7230096D19B /* CombineCocoa */,
			);
			productName = "tip-calculatorUITests";
			productReference = DC7CD07F2DCCCE9B0096D19B /* tip-calculatorUITests.xctest */;
			productType = "com.apple.product-type.bundle.ui-testing";
		};
/* End PBXNativeTarget section */

/* Begin PBXProject section */
		DC7CD0572DCCCE980096D19B /* Project object */ = {
			isa = PBXProject;
			attributes = {
				BuildIndependentTargetsInParallel = 1;
				LastSwiftUpdateCheck = 1620;
				LastUpgradeCheck = 1620;
				TargetAttributes = {
					DC7CD05E2DCCCE980096D19B = {
						CreatedOnToolsVersion = 16.2;
					};
					DC7CD0742DCCCE9B0096D19B = {
						CreatedOnToolsVersion = 16.2;
						TestTargetID = DC7CD05E2DCCCE980096D19B;
					};
					DC7CD07E2DCCCE9B0096D19B = {
						CreatedOnToolsVersion = 16.2;
						TestTargetID = DC7CD05E2DCCCE980096D19B;
					};
				};
			};
			buildConfigurationList = DC7CD05A2DCCCE980096D19B /* Build configuration list for PBXProject "tip-calculator" */;
			developmentRegion = en;
			hasScannedForEncodings = 0;
			knownRegions = (
				en,
				Base,
			);
			mainGroup = DC7CD0562DCCCE980096D19B;
			minimizedProjectReferenceProxies = 1;
			packageReferences = (
				DC7CD0932DCCCEAF0096D19B /* XCRemoteSwiftPackageReference "SnapKit" */,
				DC7CD0962DCCCEC30096D19B /* XCRemoteSwiftPackageReference "CombineCocoa" */,
				DC7CD09C2DCCD6E80096D19B /* XCRemoteSwiftPackageReference "swift-snapshot-testing" */,
			);
			preferredProjectObjectVersion = 77;
			productRefGroup = DC7CD0602DCCCE990096D19B /* Products */;
			projectDirPath = "";
			projectRoot = "";
			targets = (
				DC7CD05E2DCCCE980096D19B /* tip-calculator */,
				DC7CD0742DCCCE9B0096D19B /* tip-calculatorTests */,
				DC7CD07E2DCCCE9B0096D19B /* tip-calculatorUITests */,
			);
		};
/* End PBXProject section */

/* Begin PBXResourcesBuildPhase section */
		DC7CD05D2DCCCE980096D19B /* Resources */ = {
			isa = PBXResourcesBuildPhase;
			buildActionMask = 2147483647;
			files = (
			);
			runOnlyForDeploymentPostprocessing = 0;
		};
		DC7CD0732DCCCE9B0096D19B /* Resources */ = {
			isa = PBXResourcesBuildPhase;
			buildActionMask = 2147483647;
			files = (
			);
			runOnlyForDeploymentPostprocessing = 0;
		};
		DC7CD07D2DCCCE9B0096D19B /* Resources */ = {
			isa = PBXResourcesBuildPhase;
			buildActionMask = 2147483647;
			files = (
			);
			runOnlyForDeploymentPostprocessing = 0;
		};
/* End PBXResourcesBuildPhase section */

/* Begin PBXSourcesBuildPhase section */
		DC7CD05B2DCCCE980096D19B /* Sources */ = {
			isa = PBXSourcesBuildPhase;
			buildActionMask = 2147483647;
			files = (
			);
			runOnlyForDeploymentPostprocessing = 0;
		};
		DC7CD0712DCCCE9B0096D19B /* Sources */ = {
			isa = PBXSourcesBuildPhase;
			buildActionMask = 2147483647;
			files = (
			);
			runOnlyForDeploymentPostprocessing = 0;
		};
		DC7CD07B2DCCCE9B0096D19B /* Sources */ = {
			isa = PBXSourcesBuildPhase;
			buildActionMask = 2147483647;
			files = (
			);
			runOnlyForDeploymentPostprocessing = 0;
		};
/* End PBXSourcesBuildPhase section */

/* Begin PBXTargetDependency section */
		DC7CD0772DCCCE9B0096D19B /* PBXTargetDependency */ = {
			isa = PBXTargetDependency;
			target = DC7CD05E2DCCCE980096D19B /* tip-calculator */;
			targetProxy = DC7CD0762DCCCE9B0096D19B /* PBXContainerItemProxy */;
		};
		DC7CD0812DCCCE9B0096D19B /* PBXTargetDependency */ = {
			isa = PBXTargetDependency;
			target = DC7CD05E2DCCCE980096D19B /* tip-calculator */;
			targetProxy = DC7CD0802DCCCE9B0096D19B /* PBXContainerItemProxy */;
		};
/* End PBXTargetDependency section */

/* Begin XCBuildConfiguration section */
		DC7CD0892DCCCE9B0096D19B /* Debug */ = {
			isa = XCBuildConfiguration;
			buildSettings = {
				ASSETCATALOG_COMPILER_APPICON_NAME = AppIcon;
				ASSETCATALOG_COMPILER_GLOBAL_ACCENT_COLOR_NAME = AccentColor;
				CODE_SIGN_STYLE = Automatic;
				CURRENT_PROJECT_VERSION = 1;
				DEVELOPMENT_TEAM = AC3L55R9CH;
				GENERATE_INFOPLIST_FILE = YES;
				INFOPLIST_FILE = "tip-calculator/Info.plist";
				INFOPLIST_KEY_UIApplicationSupportsIndirectInputEvents = YES;
				INFOPLIST_KEY_UILaunchStoryboardName = LaunchScreen;
				INFOPLIST_KEY_UIMainStoryboardFile = "";
				INFOPLIST_KEY_UISupportedInterfaceOrientations_iPad = "UIInterfaceOrientationPortrait UIInterfaceOrientationPortraitUpsideDown UIInterfaceOrientationLandscapeLeft UIInterfaceOrientationLandscapeRight";
				INFOPLIST_KEY_UISupportedInterfaceOrientations_iPhone = "UIInterfaceOrientationPortrait UIInterfaceOrientationLandscapeLeft UIInterfaceOrientationLandscapeRight";
				IPHONEOS_DEPLOYMENT_TARGET = 15.6;
				LD_RUNPATH_SEARCH_PATHS = (
					"$(inherited)",
					"@executable_path/Frameworks",
				);
				MARKETING_VERSION = 1.0;
				PRODUCT_BUNDLE_IDENTIFIER = "com.indieDevs.tip-calculator";
				PRODUCT_NAME = "$(TARGET_NAME)";
				SWIFT_EMIT_LOC_STRINGS = YES;
				SWIFT_VERSION = 5.0;
				TARGETED_DEVICE_FAMILY = "1,2";
			};
			name = Debug;
		};
		DC7CD08A2DCCCE9B0096D19B /* Release */ = {
			isa = XCBuildConfiguration;
			buildSettings = {
				ASSETCATALOG_COMPILER_APPICON_NAME = AppIcon;
				ASSETCATALOG_COMPILER_GLOBAL_ACCENT_COLOR_NAME = AccentColor;
				CODE_SIGN_STYLE = Automatic;
				CURRENT_PROJECT_VERSION = 1;
				DEVELOPMENT_TEAM = AC3L55R9CH;
				GENERATE_INFOPLIST_FILE = YES;
				INFOPLIST_FILE = "tip-calculator/Info.plist";
				INFOPLIST_KEY_UIApplicationSupportsIndirectInputEvents = YES;
				INFOPLIST_KEY_UILaunchStoryboardName = LaunchScreen;
				INFOPLIST_KEY_UIMainStoryboardFile = "";
				INFOPLIST_KEY_UISupportedInterfaceOrientations_iPad = "UIInterfaceOrientationPortrait UIInterfaceOrientationPortraitUpsideDown UIInterfaceOrientationLandscapeLeft UIInterfaceOrientationLandscapeRight";
				INFOPLIST_KEY_UISupportedInterfaceOrientations_iPhone = "UIInterfaceOrientationPortrait UIInterfaceOrientationLandscapeLeft UIInterfaceOrientationLandscapeRight";
				IPHONEOS_DEPLOYMENT_TARGET = 15.6;
				LD_RUNPATH_SEARCH_PATHS = (
					"$(inherited)",
					"@executable_path/Frameworks",
				);
				MARKETING_VERSION = 1.0;
				PRODUCT_BUNDLE_IDENTIFIER = "com.indieDevs.tip-calculator";
				PRODUCT_NAME = "$(TARGET_NAME)";
				SWIFT_EMIT_LOC_STRINGS = YES;
				SWIFT_VERSION = 5.0;
				TARGETED_DEVICE_FAMILY = "1,2";
			};
			name = Release;
		};
		DC7CD08B2DCCCE9B0096D19B /* Debug */ = {
			isa = XCBuildConfiguration;
			buildSettings = {
				ALWAYS_SEARCH_USER_PATHS = NO;
				ASSETCATALOG_COMPILER_GENERATE_SWIFT_ASSET_SYMBOL_EXTENSIONS = YES;
				CLANG_ANALYZER_NONNULL = YES;
				CLANG_ANALYZER_NUMBER_OBJECT_CONVERSION = YES_AGGRESSIVE;
				CLANG_CXX_LANGUAGE_STANDARD = "gnu++20";
				CLANG_ENABLE_MODULES = YES;
				CLANG_ENABLE_OBJC_ARC = YES;
				CLANG_ENABLE_OBJC_WEAK = YES;
				CLANG_WARN_BLOCK_CAPTURE_AUTORELEASING = YES;
				CLANG_WARN_BOOL_CONVERSION = YES;
				CLANG_WARN_COMMA = YES;
				CLANG_WARN_CONSTANT_CONVERSION = YES;
				CLANG_WARN_DEPRECATED_OBJC_IMPLEMENTATIONS = YES;
				CLANG_WARN_DIRECT_OBJC_ISA_USAGE = YES_ERROR;
				CLANG_WARN_DOCUMENTATION_COMMENTS = YES;
				CLANG_WARN_EMPTY_BODY = YES;
				CLANG_WARN_ENUM_CONVERSION = YES;
				CLANG_WARN_INFINITE_RECURSION = YES;
				CLANG_WARN_INT_CONVERSION = YES;
				CLANG_WARN_NON_LITERAL_NULL_CONVERSION = YES;
				CLANG_WARN_OBJC_IMPLICIT_RETAIN_SELF = YES;
				CLANG_WARN_OBJC_LITERAL_CONVERSION = YES;
				CLANG_WARN_OBJC_ROOT_CLASS = YES_ERROR;
				CLANG_WARN_QUOTED_INCLUDE_IN_FRAMEWORK_HEADER = YES;
				CLANG_WARN_RANGE_LOOP_ANALYSIS = YES;
				CLANG_WARN_STRICT_PROTOTYPES = YES;
				CLANG_WARN_SUSPICIOUS_MOVE = YES;
				CLANG_WARN_UNGUARDED_AVAILABILITY = YES_AGGRESSIVE;
				CLANG_WARN_UNREACHABLE_CODE = YES;
				CLANG_WARN__DUPLICATE_METHOD_MATCH = YES;
				COPY_PHASE_STRIP = NO;
				DEBUG_INFORMATION_FORMAT = dwarf;
				ENABLE_STRICT_OBJC_MSGSEND = YES;
				ENABLE_TESTABILITY = YES;
				ENABLE_USER_SCRIPT_SANDBOXING = YES;
				GCC_C_LANGUAGE_STANDARD = gnu17;
				GCC_DYNAMIC_NO_PIC = NO;
				GCC_NO_COMMON_BLOCKS = YES;
				GCC_OPTIMIZATION_LEVEL = 0;
				GCC_PREPROCESSOR_DEFINITIONS = (
					"DEBUG=1",
					"$(inherited)",
				);
				GCC_WARN_64_TO_32_BIT_CONVERSION = YES;
				GCC_WARN_ABOUT_RETURN_TYPE = YES_ERROR;
				GCC_WARN_UNDECLARED_SELECTOR = YES;
				GCC_WARN_UNINITIALIZED_AUTOS = YES_AGGRESSIVE;
				GCC_WARN_UNUSED_FUNCTION = YES;
				GCC_WARN_UNUSED_VARIABLE = YES;
				IPHONEOS_DEPLOYMENT_TARGET = 18.2;
				LOCALIZATION_PREFERS_STRING_CATALOGS = YES;
				MTL_ENABLE_DEBUG_INFO = INCLUDE_SOURCE;
				MTL_FAST_MATH = YES;
				ONLY_ACTIVE_ARCH = YES;
				SDKROOT = iphoneos;
				SWIFT_ACTIVE_COMPILATION_CONDITIONS = "DEBUG $(inherited)";
				SWIFT_OPTIMIZATION_LEVEL = "-Onone";
			};
			name = Debug;
		};
		DC7CD08C2DCCCE9B0096D19B /* Release */ = {
			isa = XCBuildConfiguration;
			buildSettings = {
				ALWAYS_SEARCH_USER_PATHS = NO;
				ASSETCATALOG_COMPILER_GENERATE_SWIFT_ASSET_SYMBOL_EXTENSIONS = YES;
				CLANG_ANALYZER_NONNULL = YES;
				CLANG_ANALYZER_NUMBER_OBJECT_CONVERSION = YES_AGGRESSIVE;
				CLANG_CXX_LANGUAGE_STANDARD = "gnu++20";
				CLANG_ENABLE_MODULES = YES;
				CLANG_ENABLE_OBJC_ARC = YES;
				CLANG_ENABLE_OBJC_WEAK = YES;
				CLANG_WARN_BLOCK_CAPTURE_AUTORELEASING = YES;
				CLANG_WARN_BOOL_CONVERSION = YES;
				CLANG_WARN_COMMA = YES;
				CLANG_WARN_CONSTANT_CONVERSION = YES;
				CLANG_WARN_DEPRECATED_OBJC_IMPLEMENTATIONS = YES;
				CLANG_WARN_DIRECT_OBJC_ISA_USAGE = YES_ERROR;
				CLANG_WARN_DOCUMENTATION_COMMENTS = YES;
				CLANG_WARN_EMPTY_BODY = YES;
				CLANG_WARN_ENUM_CONVERSION = YES;
				CLANG_WARN_INFINITE_RECURSION = YES;
				CLANG_WARN_INT_CONVERSION = YES;
				CLANG_WARN_NON_LITERAL_NULL_CONVERSION = YES;
				CLANG_WARN_OBJC_IMPLICIT_RETAIN_SELF = YES;
				CLANG_WARN_OBJC_LITERAL_CONVERSION = YES;
				CLANG_WARN_OBJC_ROOT_CLASS = YES_ERROR;
				CLANG_WARN_QUOTED_INCLUDE_IN_FRAMEWORK_HEADER = YES;
				CLANG_WARN_RANGE_LOOP_ANALYSIS = YES;
				CLANG_WARN_STRICT_PROTOTYPES = YES;
				CLANG_WARN_SUSPICIOUS_MOVE = YES;
				CLANG_WARN_UNGUARDED_AVAILABILITY = YES_AGGRESSIVE;
				CLANG_WARN_UNREACHABLE_CODE = YES;
				CLANG_WARN__DUPLICATE_METHOD_MATCH = YES;
				COPY_PHASE_STRIP = NO;
				DEBUG_INFORMATION_FORMAT = "dwarf-with-dsym";
				ENABLE_NS_ASSERTIONS = NO;
				ENABLE_STRICT_OBJC_MSGSEND = YES;
				ENABLE_USER_SCRIPT_SANDBOXING = YES;
				GCC_C_LANGUAGE_STANDARD = gnu17;
				GCC_NO_COMMON_BLOCKS = YES;
				GCC_WARN_64_TO_32_BIT_CONVERSION = YES;
				GCC_WARN_ABOUT_RETURN_TYPE = YES_ERROR;
				GCC_WARN_UNDECLARED_SELECTOR = YES;
				GCC_WARN_UNINITIALIZED_AUTOS = YES_AGGRESSIVE;
				GCC_WARN_UNUSED_FUNCTION = YES;
				GCC_WARN_UNUSED_VARIABLE = YES;
				IPHONEOS_DEPLOYMENT_TARGET = 18.2;
				LOCALIZATION_PREFERS_STRING_CATALOGS = YES;
				MTL_ENABLE_DEBUG_INFO = NO;
				MTL_FAST_MATH = YES;
				SDKROOT = iphoneos;
				SWIFT_COMPILATION_MODE = wholemodule;
				VALIDATE_PRODUCT = YES;
			};
			name = Release;
		};
		DC7CD08E2DCCCE9B0096D19B /* Debug */ = {
			isa = XCBuildConfiguration;
			buildSettings = {
				BUNDLE_LOADER = "$(TEST_HOST)";
				CODE_SIGN_STYLE = Automatic;
				CURRENT_PROJECT_VERSION = 1;
				DEVELOPMENT_TEAM = AC3L55R9CH;
				GENERATE_INFOPLIST_FILE = YES;
				IPHONEOS_DEPLOYMENT_TARGET = 15.6;
				MARKETING_VERSION = 1.0;
				PRODUCT_BUNDLE_IDENTIFIER = "com.indieDevs.tip-calculatorTests";
				PRODUCT_NAME = "$(TARGET_NAME)";
				SUPPORTED_PLATFORMS = "iphoneos iphonesimulator";
				SUPPORTS_MACCATALYST = NO;
				SUPPORTS_MAC_DESIGNED_FOR_IPHONE_IPAD = NO;
				SUPPORTS_XR_DESIGNED_FOR_IPHONE_IPAD = NO;
				SWIFT_EMIT_LOC_STRINGS = NO;
				SWIFT_VERSION = 5.0;
				TARGETED_DEVICE_FAMILY = 1;
				TEST_HOST = "$(BUILT_PRODUCTS_DIR)/tip-calculator.app/$(BUNDLE_EXECUTABLE_FOLDER_PATH)/tip-calculator";
			};
			name = Debug;
		};
		DC7CD08F2DCCCE9B0096D19B /* Release */ = {
			isa = XCBuildConfiguration;
			buildSettings = {
				BUNDLE_LOADER = "$(TEST_HOST)";
				CODE_SIGN_STYLE = Automatic;
				CURRENT_PROJECT_VERSION = 1;
				DEVELOPMENT_TEAM = AC3L55R9CH;
				GENERATE_INFOPLIST_FILE = YES;
				IPHONEOS_DEPLOYMENT_TARGET = 15.6;
				MARKETING_VERSION = 1.0;
				PRODUCT_BUNDLE_IDENTIFIER = "com.indieDevs.tip-calculatorTests";
				PRODUCT_NAME = "$(TARGET_NAME)";
				SUPPORTED_PLATFORMS = "iphoneos iphonesimulator";
				SUPPORTS_MACCATALYST = NO;
				SUPPORTS_MAC_DESIGNED_FOR_IPHONE_IPAD = NO;
				SUPPORTS_XR_DESIGNED_FOR_IPHONE_IPAD = NO;
				SWIFT_EMIT_LOC_STRINGS = NO;
				SWIFT_VERSION = 5.0;
				TARGETED_DEVICE_FAMILY = 1;
				TEST_HOST = "$(BUILT_PRODUCTS_DIR)/tip-calculator.app/$(BUNDLE_EXECUTABLE_FOLDER_PATH)/tip-calculator";
			};
			name = Release;
		};
		DC7CD0912DCCCE9B0096D19B /* Debug */ = {
			isa = XCBuildConfiguration;
			buildSettings = {
				CODE_SIGN_STYLE = Automatic;
				CURRENT_PROJECT_VERSION = 1;
				DEVELOPMENT_TEAM = AC3L55R9CH;
				GENERATE_INFOPLIST_FILE = YES;
				IPHONEOS_DEPLOYMENT_TARGET = 15.6;
				MARKETING_VERSION = 1.0;
				PRODUCT_BUNDLE_IDENTIFIER = "com.indieDevs.tip-calculatorUITests";
				PRODUCT_NAME = "$(TARGET_NAME)";
				SWIFT_EMIT_LOC_STRINGS = NO;
				SWIFT_VERSION = 5.0;
				TARGETED_DEVICE_FAMILY = "1,2";
				TEST_TARGET_NAME = "tip-calculator";
			};
			name = Debug;
		};
		DC7CD0922DCCCE9B0096D19B /* Release */ = {
			isa = XCBuildConfiguration;
			buildSettings = {
				CODE_SIGN_STYLE = Automatic;
				CURRENT_PROJECT_VERSION = 1;
				DEVELOPMENT_TEAM = AC3L55R9CH;
				GENERATE_INFOPLIST_FILE = YES;
				IPHONEOS_DEPLOYMENT_TARGET = 15.6;
				MARKETING_VERSION = 1.0;
				PRODUCT_BUNDLE_IDENTIFIER = "com.indieDevs.tip-calculatorUITests";
				PRODUCT_NAME = "$(TARGET_NAME)";
				SWIFT_EMIT_LOC_STRINGS = NO;
				SWIFT_VERSION = 5.0;
				TARGETED_DEVICE_FAMILY = "1,2";
				TEST_TARGET_NAME = "tip-calculator";
			};
			name = Release;
		};
/* End XCBuildConfiguration section */

/* Begin XCConfigurationList section */
		DC7CD05A2DCCCE980096D19B /* Build configuration list for PBXProject "tip-calculator" */ = {
			isa = XCConfigurationList;
			buildConfigurations = (
				DC7CD08B2DCCCE9B0096D19B /* Debug */,
				DC7CD08C2DCCCE9B0096D19B /* Release */,
			);
			defaultConfigurationIsVisible = 0;
			defaultConfigurationName = Release;
		};
		DC7CD0882DCCCE9B0096D19B /* Build configuration list for PBXNativeTarget "tip-calculator" */ = {
			isa = XCConfigurationList;
			buildConfigurations = (
				DC7CD0892DCCCE9B0096D19B /* Debug */,
				DC7CD08A2DCCCE9B0096D19B /* Release */,
			);
			defaultConfigurationIsVisible = 0;
			defaultConfigurationName = Release;
		};
		DC7CD08D2DCCCE9B0096D19B /* Build configuration list for PBXNativeTarget "tip-calculatorTests" */ = {
			isa = XCConfigurationList;
			buildConfigurations = (
				DC7CD08E2DCCCE9B0096D19B /* Debug */,
				DC7CD08F2DCCCE9B0096D19B /* Release */,
			);
			defaultConfigurationIsVisible = 0;
			defaultConfigurationName = Release;
		};
		DC7CD0902DCCCE9B0096D19B /* Build configuration list for PBXNativeTarget "tip-calculatorUITests" */ = {
			isa = XCConfigurationList;
			buildConfigurations = (
				DC7CD0912DCCCE9B0096D19B /* Debug */,
				DC7CD0922DCCCE9B0096D19B /* Release */,
			);
			defaultConfigurationIsVisible = 0;
			defaultConfigurationName = Release;
		};
/* End XCConfigurationList section */

/* Begin XCRemoteSwiftPackageReference section */
		DC7CD0932DCCCEAF0096D19B /* XCRemoteSwiftPackageReference "SnapKit" */ = {
			isa = XCRemoteSwiftPackageReference;
			repositoryURL = "https://github.com/SnapKit/SnapKit.git";
			requirement = {
				kind = upToNextMajorVersion;
				minimumVersion = 5.7.1;
			};
		};
		DC7CD0962DCCCEC30096D19B /* XCRemoteSwiftPackageReference "CombineCocoa" */ = {
			isa = XCRemoteSwiftPackageReference;
			repositoryURL = "https://github.com/CombineCommunity/CombineCocoa.git";
			requirement = {
				kind = upToNextMajorVersion;
				minimumVersion = 0.4.1;
			};
		};
		DC7CD09C2DCCD6E80096D19B /* XCRemoteSwiftPackageReference "swift-snapshot-testing" */ = {
			isa = XCRemoteSwiftPackageReference;
			repositoryURL = "https://github.com/pointfreeco/swift-snapshot-testing.git";
			requirement = {
				kind = upToNextMajorVersion;
				minimumVersion = 1.18.3;
			};
		};
/* End XCRemoteSwiftPackageReference section */

/* Begin XCSwiftPackageProductDependency section */
		DC7CD0942DCCCEAF0096D19B /* SnapKit */ = {
			isa = XCSwiftPackageProductDependency;
			package = DC7CD0932DCCCEAF0096D19B /* XCRemoteSwiftPackageReference "SnapKit" */;
			productName = SnapKit;
		};
		DC7CD0972DCCCEC30096D19B /* CombineCocoa */ = {
			isa = XCSwiftPackageProductDependency;
			package = DC7CD0962DCCCEC30096D19B /* XCRemoteSwiftPackageReference "CombineCocoa" */;
			productName = CombineCocoa;
		};
		DC7CD09A2DCCD4BD0096D19B /* CombineCocoa */ = {
			isa = XCSwiftPackageProductDependency;
			package = DC7CD0962DCCCEC30096D19B /* XCRemoteSwiftPackageReference "CombineCocoa" */;
			productName = CombineCocoa;
		};
		DC7CD09D2DCCD6E90096D19B /* SnapshotTesting */ = {
			isa = XCSwiftPackageProductDependency;
			package = DC7CD09C2DCCD6E80096D19B /* XCRemoteSwiftPackageReference "swift-snapshot-testing" */;
			productName = SnapshotTesting;
		};
		DC7CD09F2DCCD7230096D19B /* CombineCocoa */ = {
			isa = XCSwiftPackageProductDependency;
			package = DC7CD0962DCCCEC30096D19B /* XCRemoteSwiftPackageReference "CombineCocoa" */;
			productName = CombineCocoa;
		};
/* End XCSwiftPackageProductDependency section */
	};
	rootObject = DC7CD0572DCCCE980096D19B /* Project object */;
}
